schema: '2.0'
stages:
  get_data:
    cmd: python src/get_data.py
    deps:
    - path: src/get_data.py
      md5: 0699b4df6db00f0e585515ab3d2560c6
      size: 496
    outs:
    - path: data/creditcard.csv
      md5: e90efcb83d69faf99fcab8b0255024de
      size: 150828752
      isexec: true
  train:
    cmd: python src/train.py
    deps:
    - path: data/creditcard.csv
      md5: e90efcb83d69faf99fcab8b0255024de
      size: 150828752
    - path: src/train.py
      md5: f89d58acddbf7680c60e33e99bfefc3a
      size: 1160
    outs:
    - path: data/metrics.json
      md5: 7491bca055f1a6cf99d474b4776ca7cd
      size: 126
  download_data:
    cmd: python src/download_dataset.py
    deps:
    - path: src/download_dataset.py
      md5: c4d3ffe5dbbdc2a89645d1c534bc666d
      size: 362
    outs:
    - path: data/creditcard.csv
      md5: e90efcb83d69faf99fcab8b0255024de
      size: 150828752
      isexec: true
  train_clf:
    cmd: python src/train.py
    deps:
    - path: data/creditcard.csv
      md5: e90efcb83d69faf99fcab8b0255024de
      size: 150828752
    - path: src/train.py
      md5: 9884c2e13795ad49e3cfddc764f44af0
      size: 2064
    outs:
    - path: data/confusion_matrix.png
      md5: c9adcb0cd7032e96a4ae021bafa842e7
      size: 65551
      isexec: true
    - path: data/metrics.json
      md5: 436ab056b68aa15cdca6a6684232f1ee
      size: 127
    - path: data/model.pickle
      md5: 10926b15e905aa8f5fc0a6fb02ec3d1c
      size: 949
      isexec: true
