schema: '2.0'
stages:
  get_data:
    cmd: python src/get_data.py
    deps:
    - path: src/get_data.py
      md5: 0699b4df6db00f0e585515ab3d2560c6
      size: 496
    outs:
    - path: data/creditcard.csv
      md5: e90efcb83d69faf99fcab8b0255024de
      size: 150828752
      isexec: true
  train:
    cmd: python src/train.py
    deps:
    - path: data/creditcard.csv
      md5: e90efcb83d69faf99fcab8b0255024de
      size: 150828752
    - path: src/train.py
      md5: f89d58acddbf7680c60e33e99bfefc3a
      size: 1160
    outs:
    - path: data/metrics.json
      md5: 7491bca055f1a6cf99d474b4776ca7cd
      size: 126
  download_data:
    cmd: python src/download_dataset.py
    deps:
    - path: src/download_dataset.py
      md5: 3e37b21b24db54a3693f56150d8f5028
      size: 362
    outs:
    - path: data/creditcard.csv
      md5: e90efcb83d69faf99fcab8b0255024de
      size: 150828752
      isexec: true
  train_clf:
    cmd: python src/train.py
    deps:
    - path: data/creditcard.csv
      md5: e90efcb83d69faf99fcab8b0255024de
      size: 150828752
    - path: src/train.py
      md5: 7d235362c83febe284ca23ed4d16c3b5
      size: 3023
    outs:
    - path: data/confusion_matrix.png
      md5: b9347a4d877c059d133d5842d7b8d30b
      size: 66196
      isexec: true
    - path: data/metrics.json
      md5: fc4c2c4a7664e33aac086f15f8d8d7ae
      size: 127
    - path: data/model.pickle
      md5: c0571fa98940ed337fb1847efc342d9b
      size: 340856
      isexec: true
