schema: '2.0'
stages:
  get_data:
    cmd: python src/get_data.py
    deps:
    - path: src/get_data.py
      md5: 0699b4df6db00f0e585515ab3d2560c6
      size: 496
    outs:
    - path: data/creditcard.csv
      md5: e90efcb83d69faf99fcab8b0255024de
      size: 150828752
      isexec: true
  train:
    cmd: python src/train.py
    deps:
    - path: data/creditcard.csv
      md5: e90efcb83d69faf99fcab8b0255024de
      size: 150828752
    - path: src/train.py
      md5: f89d58acddbf7680c60e33e99bfefc3a
      size: 1160
    outs:
    - path: data/metrics.json
      md5: 7491bca055f1a6cf99d474b4776ca7cd
      size: 126
  download_data:
    cmd: python src/download_dataset.py
    deps:
    - path: src/download_dataset.py
      md5: fd45a6ea5fa97c8c335f64b80166d4c8
      size: 370
    outs:
    - path: data/creditcard.csv
      md5: e90efcb83d69faf99fcab8b0255024de
      size: 150828752
      isexec: true
  train_clf:
    cmd: python src/train.py
    deps:
    - path: data/creditcard.csv
      md5: e90efcb83d69faf99fcab8b0255024de
      size: 150828752
    - path: src/train.py
      md5: aa6ccbde090bc4a36ea0cb705c8da6f9
      size: 2440
    outs:
    - path: data/confusion_matrix.png
      md5: b9347a4d877c059d133d5842d7b8d30b
      size: 66196
      isexec: true
    - path: data/metrics.json
      md5: fc4c2c4a7664e33aac086f15f8d8d7ae
      size: 127
    - path: data/model.pickle
      md5: a59baf15a24006646d40c315ca504a5b
      size: 5806512
      isexec: true
